
Microsoft Visual Studio Solution File, Format Version 12.00
# Visual Studio Version 16
VisualStudioVersion = 16.0.30611.23
MinimumVisualStudioVersion = 10.0.40219.1
Project("{2150E333-8FDC-42A3-9474-1A3956D46DE8}") = "doc", "doc", "{D9091A1A-F5F3-49D6-BF23-11B4CD8E4BCF}"
	ProjectSection(SolutionItems) = preProject
		LICENSE.md = LICENSE.md
		README.md = README.md
	EndProjectSection
EndProject
Project("{2150E333-8FDC-42A3-9474-1A3956D46DE8}") = "pipelines", "pipelines", "{1B318F35-827F-40BD-A640-63E10EFBF2BF}"
	ProjectSection(SolutionItems) = preProject
		pipelines\git-version.yaml = pipelines\git-version.yaml
	EndProjectSection
EndProject
Project("{2150E333-8FDC-42A3-9474-1A3956D46DE8}") = "scripts", "scripts", "{FF9FC104-7070-41B2-A679-39B2A78B69C8}"
	ProjectSection(SolutionItems) = preProject
		scripts\run-scanner-sonarqube.ps1 = scripts\run-scanner-sonarqube.ps1
	EndProjectSection
EndProject
Project("{2150E333-8FDC-42A3-9474-1A3956D46DE8}") = "src", "src", "{197BFE61-6819-4619-8CB7-A1658C268ED7}"
EndProject
Project("{2150E333-8FDC-42A3-9474-1A3956D46DE8}") = "tests", "tests", "{3CEB1895-CCA4-4136-8818-E8D53876053F}"
EndProject
Project("{9A19103F-16F7-4668-BE54-9A1E7A4F7556}") = "CodeDesignPlus.EFCore", "src\CodeDesignPlus.EFCore\CodeDesignPlus.EFCore.csproj", "{F6C1BD1B-2984-4BDB-9F5B-498CB640D378}"
EndProject
Project("{9A19103F-16F7-4668-BE54-9A1E7A4F7556}") = "CodeDesignPlus.EFCore.Test", "tests\CodeDesignPlus.EFCore.Test\CodeDesignPlus.EFCore.Test.csproj", "{6F089113-749F-4A9D-8594-19B4D39EDBEE}"
EndProject
Project("{2150E333-8FDC-42A3-9474-1A3956D46DE8}") = "context", "context", "{8132B7CA-8743-499D-B433-ADD76F2578F2}"
EndProject
Project("{9A19103F-16F7-4668-BE54-9A1E7A4F7556}") = "CodeDesignPlus.Abstractions", "tests\CodeDesignPlus.Abstractions\CodeDesignPlus.Abstractions\CodeDesignPlus.Abstractions.csproj", "{4E1BA1EB-E5E0-44C9-BE15-0394F1558DC2}"
EndProject
Project("{9A19103F-16F7-4668-BE54-9A1E7A4F7556}") = "CodeDesignPlus.Entities", "tests\CodeDesignPlus.Entities\CodeDesignPlus.Entities\CodeDesignPlus.Entities.csproj", "{4219004D-F9A9-4D43-8C0C-F3F1DA144D8D}"
EndProject
Project("{9A19103F-16F7-4668-BE54-9A1E7A4F7556}") = "CodeDesignPlus.InMemory", "tests\CodeDesignPlus.InMemory\CodeDesignPlus.InMemory\CodeDesignPlus.InMemory.csproj", "{73C53A94-20AC-4545-A2AC-4AE0A4D61564}"
EndProject
Project("{2150E333-8FDC-42A3-9474-1A3956D46DE8}") = "samples", "samples", "{06AF84A2-64CC-4682-B1BE-54D6EAE51D3A}"
EndProject
Project("{2150E333-8FDC-42A3-9474-1A3956D46DE8}") = "api", "api", "{3FAD7E85-C9A6-41A7-85AA-6004468BDA7E}"
EndProject
Project("{FAE04EC0-301F-11D3-BF4B-00C04F79EFBC}") = "CodeDesignPlus.EFCore.Sample.Api", "samples\api\CodeDesignPlus.EFCore.Sample.Api\CodeDesignPlus.EFCore.Sample.Api.csproj", "{80B318C1-6952-4D5C-9E81-1F955E6783E7}"
EndProject
Project("{FAE04EC0-301F-11D3-BF4B-00C04F79EFBC}") = "CodeDesignPlus.EFCore.Sample.Api.Entities", "samples\api\CodeDesignPlus.EFCore.Sample.Api.Entities\CodeDesignPlus.EFCore.Sample.Api.Entities.csproj", "{38C2F36C-2A43-4984-849A-7EFF49E7AD72}"
EndProject
Project("{FAE04EC0-301F-11D3-BF4B-00C04F79EFBC}") = "CodeDesignPlus.EfCore.Sample.Api.Abstractions", "samples\api\CodeDesignPlus.EfCore.Sample.Api.Abstractions\CodeDesignPlus.EfCore.Sample.Api.Abstractions.csproj", "{500DD88B-C225-491C-AC72-10425F55A720}"
EndProject
Project("{FAE04EC0-301F-11D3-BF4B-00C04F79EFBC}") = "CodeDesignPlus.EfCore.Sample.Api.SqlServer", "samples\api\CodeDesignPlus.EfCore.Sample.Api.SqlServer\CodeDesignPlus.EfCore.Sample.Api.SqlServer.csproj", "{77E3B43A-B0E2-4839-9B76-0B3D19F3E7AA}"
EndProject
Global
	GlobalSection(SolutionConfigurationPlatforms) = preSolution
		Debug|Any CPU = Debug|Any CPU
		Release|Any CPU = Release|Any CPU
	EndGlobalSection
	GlobalSection(ProjectConfigurationPlatforms) = postSolution
		{F6C1BD1B-2984-4BDB-9F5B-498CB640D378}.Debug|Any CPU.ActiveCfg = Debug|Any CPU
		{F6C1BD1B-2984-4BDB-9F5B-498CB640D378}.Debug|Any CPU.Build.0 = Debug|Any CPU
		{F6C1BD1B-2984-4BDB-9F5B-498CB640D378}.Release|Any CPU.ActiveCfg = Release|Any CPU
		{F6C1BD1B-2984-4BDB-9F5B-498CB640D378}.Release|Any CPU.Build.0 = Release|Any CPU
		{6F089113-749F-4A9D-8594-19B4D39EDBEE}.Debug|Any CPU.ActiveCfg = Debug|Any CPU
		{6F089113-749F-4A9D-8594-19B4D39EDBEE}.Debug|Any CPU.Build.0 = Debug|Any CPU
		{6F089113-749F-4A9D-8594-19B4D39EDBEE}.Release|Any CPU.ActiveCfg = Release|Any CPU
		{6F089113-749F-4A9D-8594-19B4D39EDBEE}.Release|Any CPU.Build.0 = Release|Any CPU
		{4E1BA1EB-E5E0-44C9-BE15-0394F1558DC2}.Debug|Any CPU.ActiveCfg = Debug|Any CPU
		{4E1BA1EB-E5E0-44C9-BE15-0394F1558DC2}.Debug|Any CPU.Build.0 = Debug|Any CPU
		{4E1BA1EB-E5E0-44C9-BE15-0394F1558DC2}.Release|Any CPU.ActiveCfg = Release|Any CPU
		{4E1BA1EB-E5E0-44C9-BE15-0394F1558DC2}.Release|Any CPU.Build.0 = Release|Any CPU
		{4219004D-F9A9-4D43-8C0C-F3F1DA144D8D}.Debug|Any CPU.ActiveCfg = Debug|Any CPU
		{4219004D-F9A9-4D43-8C0C-F3F1DA144D8D}.Debug|Any CPU.Build.0 = Debug|Any CPU
		{4219004D-F9A9-4D43-8C0C-F3F1DA144D8D}.Release|Any CPU.ActiveCfg = Release|Any CPU
		{4219004D-F9A9-4D43-8C0C-F3F1DA144D8D}.Release|Any CPU.Build.0 = Release|Any CPU
		{73C53A94-20AC-4545-A2AC-4AE0A4D61564}.Debug|Any CPU.ActiveCfg = Debug|Any CPU
		{73C53A94-20AC-4545-A2AC-4AE0A4D61564}.Debug|Any CPU.Build.0 = Debug|Any CPU
		{73C53A94-20AC-4545-A2AC-4AE0A4D61564}.Release|Any CPU.ActiveCfg = Release|Any CPU
		{73C53A94-20AC-4545-A2AC-4AE0A4D61564}.Release|Any CPU.Build.0 = Release|Any CPU
		{80B318C1-6952-4D5C-9E81-1F955E6783E7}.Debug|Any CPU.ActiveCfg = Debug|Any CPU
		{80B318C1-6952-4D5C-9E81-1F955E6783E7}.Debug|Any CPU.Build.0 = Debug|Any CPU
		{80B318C1-6952-4D5C-9E81-1F955E6783E7}.Release|Any CPU.ActiveCfg = Release|Any CPU
		{80B318C1-6952-4D5C-9E81-1F955E6783E7}.Release|Any CPU.Build.0 = Release|Any CPU
		{38C2F36C-2A43-4984-849A-7EFF49E7AD72}.Debug|Any CPU.ActiveCfg = Debug|Any CPU
		{38C2F36C-2A43-4984-849A-7EFF49E7AD72}.Debug|Any CPU.Build.0 = Debug|Any CPU
		{38C2F36C-2A43-4984-849A-7EFF49E7AD72}.Release|Any CPU.ActiveCfg = Release|Any CPU
		{38C2F36C-2A43-4984-849A-7EFF49E7AD72}.Release|Any CPU.Build.0 = Release|Any CPU
		{500DD88B-C225-491C-AC72-10425F55A720}.Debug|Any CPU.ActiveCfg = Debug|Any CPU
		{500DD88B-C225-491C-AC72-10425F55A720}.Debug|Any CPU.Build.0 = Debug|Any CPU
		{500DD88B-C225-491C-AC72-10425F55A720}.Release|Any CPU.ActiveCfg = Release|Any CPU
		{500DD88B-C225-491C-AC72-10425F55A720}.Release|Any CPU.Build.0 = Release|Any CPU
		{77E3B43A-B0E2-4839-9B76-0B3D19F3E7AA}.Debug|Any CPU.ActiveCfg = Debug|Any CPU
		{77E3B43A-B0E2-4839-9B76-0B3D19F3E7AA}.Debug|Any CPU.Build.0 = Debug|Any CPU
		{77E3B43A-B0E2-4839-9B76-0B3D19F3E7AA}.Release|Any CPU.ActiveCfg = Release|Any CPU
		{77E3B43A-B0E2-4839-9B76-0B3D19F3E7AA}.Release|Any CPU.Build.0 = Release|Any CPU
	EndGlobalSection
	GlobalSection(SolutionProperties) = preSolution
		HideSolutionNode = FALSE
	EndGlobalSection
	GlobalSection(NestedProjects) = preSolution
		{F6C1BD1B-2984-4BDB-9F5B-498CB640D378} = {197BFE61-6819-4619-8CB7-A1658C268ED7}
		{6F089113-749F-4A9D-8594-19B4D39EDBEE} = {3CEB1895-CCA4-4136-8818-E8D53876053F}
		{8132B7CA-8743-499D-B433-ADD76F2578F2} = {3CEB1895-CCA4-4136-8818-E8D53876053F}
		{4E1BA1EB-E5E0-44C9-BE15-0394F1558DC2} = {8132B7CA-8743-499D-B433-ADD76F2578F2}
		{4219004D-F9A9-4D43-8C0C-F3F1DA144D8D} = {8132B7CA-8743-499D-B433-ADD76F2578F2}
		{73C53A94-20AC-4545-A2AC-4AE0A4D61564} = {8132B7CA-8743-499D-B433-ADD76F2578F2}
		{3FAD7E85-C9A6-41A7-85AA-6004468BDA7E} = {06AF84A2-64CC-4682-B1BE-54D6EAE51D3A}
		{80B318C1-6952-4D5C-9E81-1F955E6783E7} = {3FAD7E85-C9A6-41A7-85AA-6004468BDA7E}
		{38C2F36C-2A43-4984-849A-7EFF49E7AD72} = {3FAD7E85-C9A6-41A7-85AA-6004468BDA7E}
		{500DD88B-C225-491C-AC72-10425F55A720} = {3FAD7E85-C9A6-41A7-85AA-6004468BDA7E}
		{77E3B43A-B0E2-4839-9B76-0B3D19F3E7AA} = {3FAD7E85-C9A6-41A7-85AA-6004468BDA7E}
	EndGlobalSection
	GlobalSection(ExtensibilityGlobals) = postSolution
		SolutionGuid = {113C3F1F-931B-46EB-8BA4-127F86ECA4E9}
	EndGlobalSection
EndGlobal
